{
  "version": 4,
  "terraform_version": "1.4.0",
  "serial": 19,
  "lineage": "20b54f00-8390-958c-0619-17c2eee707d2",
  "outputs": {},
  "resources": [
    {
      "module": "module.ami",
      "mode": "data",
      "type": "aws_ami",
      "name": "linux2",
      "provider": "provider[\"registry.terraform.io/hashicorp/aws\"]",
      "instances": [
        {
          "schema_version": 0,
          "attributes": {
            "architecture": "x86_64",
            "arn": "arn:aws:ec2:us-east-1::image/ami-06d3b5e1ed9e1d982",
            "block_device_mappings": [
              {
                "device_name": "/dev/xvda",
                "ebs": {
                  "delete_on_termination": "true",
                  "encrypted": "false",
                  "iops": "0",
                  "snapshot_id": "snap-016944d3a0f59ed2b",
                  "throughput": "0",
                  "volume_size": "8",
                  "volume_type": "gp2"
                },
                "no_device": "",
                "virtual_name": ""
              }
            ],
            "boot_mode": "",
            "creation_date": "2023-03-22T11:06:59.000Z",
            "deprecation_time": "2025-03-22T11:06:59.000Z",
            "description": "Amazon Linux 2 AMI 2.0.20230320.0 x86_64 HVM gp2",
            "ena_support": true,
            "executable_users": null,
            "filter": [
              {
                "name": "name",
                "values": [
                  "amzn2-ami-hvm-*-x86_64-gp2"
                ]
              },
              {
                "name": "virtualization-type",
                "values": [
                  "hvm"
                ]
              }
            ],
            "hypervisor": "xen",
            "id": "ami-06d3b5e1ed9e1d982",
            "image_id": "ami-06d3b5e1ed9e1d982",
            "image_location": "amazon/amzn2-ami-hvm-2.0.20230320.0-x86_64-gp2",
            "image_owner_alias": "amazon",
            "image_type": "machine",
            "imds_support": "",
            "include_deprecated": false,
            "kernel_id": "",
            "most_recent": true,
            "name": "amzn2-ami-hvm-2.0.20230320.0-x86_64-gp2",
            "name_regex": null,
            "owner_id": "137112412989",
            "owners": [
              "amazon"
            ],
            "platform": "",
            "platform_details": "Linux/UNIX",
            "product_codes": [],
            "public": true,
            "ramdisk_id": "",
            "root_device_name": "/dev/xvda",
            "root_device_type": "ebs",
            "root_snapshot_id": "snap-016944d3a0f59ed2b",
            "sriov_net_support": "simple",
            "state": "available",
            "state_reason": {
              "code": "UNSET",
              "message": "UNSET"
            },
            "tags": {},
            "timeouts": null,
            "tpm_support": "",
            "usage_operation": "RunInstances",
            "virtualization_type": "hvm"
          },
          "sensitive_attributes": []
        }
      ]
    },
    {
      "module": "module.ami",
      "mode": "data",
      "type": "aws_ami",
      "name": "ubuntu",
      "provider": "provider[\"registry.terraform.io/hashicorp/aws\"]",
      "instances": [
        {
          "schema_version": 0,
          "attributes": {
            "architecture": "x86_64",
            "arn": "arn:aws:ec2:us-east-1::image/ami-0aa2b7722dc1b5612",
            "block_device_mappings": [
              {
                "device_name": "/dev/sda1",
                "ebs": {
                  "delete_on_termination": "true",
                  "encrypted": "false",
                  "iops": "0",
                  "snapshot_id": "snap-0539d219113bbb6fc",
                  "throughput": "0",
                  "volume_size": "8",
                  "volume_type": "gp2"
                },
                "no_device": "",
                "virtual_name": ""
              },
              {
                "device_name": "/dev/sdb",
                "ebs": {},
                "no_device": "",
                "virtual_name": "ephemeral0"
              },
              {
                "device_name": "/dev/sdc",
                "ebs": {},
                "no_device": "",
                "virtual_name": "ephemeral1"
              }
            ],
            "boot_mode": "legacy-bios",
            "creation_date": "2023-03-28T23:35:33.000Z",
            "deprecation_time": "2025-03-28T23:35:33.000Z",
            "description": "Canonical, Ubuntu, 20.04 LTS, amd64 focal image build on 2023-03-28",
            "ena_support": true,
            "executable_users": null,
            "filter": [
              {
                "name": "name",
                "values": [
                  "ubuntu/images/hvm-ssd/ubuntu-focal-20.04-amd64-server-*"
                ]
              },
              {
                "name": "virtualization-type",
                "values": [
                  "hvm"
                ]
              }
            ],
            "hypervisor": "xen",
            "id": "ami-0aa2b7722dc1b5612",
            "image_id": "ami-0aa2b7722dc1b5612",
            "image_location": "amazon/ubuntu/images/hvm-ssd/ubuntu-focal-20.04-amd64-server-20230328",
            "image_owner_alias": "amazon",
            "image_type": "machine",
            "imds_support": "",
            "include_deprecated": false,
            "kernel_id": "",
            "most_recent": true,
            "name": "ubuntu/images/hvm-ssd/ubuntu-focal-20.04-amd64-server-20230328",
            "name_regex": null,
            "owner_id": "099720109477",
            "owners": [
              "099720109477"
            ],
            "platform": "",
            "platform_details": "Linux/UNIX",
            "product_codes": [],
            "public": true,
            "ramdisk_id": "",
            "root_device_name": "/dev/sda1",
            "root_device_type": "ebs",
            "root_snapshot_id": "snap-0539d219113bbb6fc",
            "sriov_net_support": "simple",
            "state": "available",
            "state_reason": {
              "code": "UNSET",
              "message": "UNSET"
            },
            "tags": {},
            "timeouts": null,
            "tpm_support": "",
            "usage_operation": "RunInstances",
            "virtualization_type": "hvm"
          },
          "sensitive_attributes": []
        }
      ]
    },
    {
      "module": "module.asg",
      "mode": "managed",
      "type": "aws_security_group",
      "name": "RDS_allow_rule",
      "provider": "provider[\"registry.terraform.io/hashicorp/aws\"]",
      "instances": [
        {
          "schema_version": 1,
          "attributes": {
            "arn": "arn:aws:ec2:us-east-1:944341158162:security-group/sg-0e2944eb998e42f4f",
            "description": "Managed by Terraform",
            "egress": [
              {
                "cidr_blocks": [
                  "0.0.0.0/0"
                ],
                "description": "",
                "from_port": 0,
                "ipv6_cidr_blocks": [],
                "prefix_list_ids": [],
                "protocol": "-1",
                "security_groups": [],
                "self": false,
                "to_port": 0
              }
            ],
            "id": "sg-0e2944eb998e42f4f",
            "ingress": [
              {
                "cidr_blocks": [],
                "description": "",
                "from_port": 3306,
                "ipv6_cidr_blocks": [],
                "prefix_list_ids": [],
                "protocol": "tcp",
                "security_groups": [
                  "sg-080b070c351c6be70"
                ],
                "self": false,
                "to_port": 3306
              }
            ],
            "name": "terraform-20230329072318582100000003",
            "name_prefix": "terraform-",
            "owner_id": "944341158162",
            "revoke_rules_on_delete": false,
            "tags": {
              "Name": "allow ec2"
            },
            "tags_all": {
              "Name": "allow ec2"
            },
            "timeouts": null,
            "vpc_id": "vpc-091fbe8b3c8b068d3"
          },
          "sensitive_attributes": [],
          "private": "eyJlMmJmYjczMC1lY2FhLTExZTYtOGY4OC0zNDM2M2JjN2M0YzAiOnsiY3JlYXRlIjo2MDAwMDAwMDAwMDAsImRlbGV0ZSI6OTAwMDAwMDAwMDAwfSwic2NoZW1hX3ZlcnNpb24iOiIxIn0=",
          "dependencies": [
            "module.asg.aws_security_group.ec2_allow_rule",
            "module.vpc.aws_vpc.prod-vpc"
          ]
        }
      ]
    },
    {
      "module": "module.asg",
      "mode": "managed",
      "type": "aws_security_group",
      "name": "ec2_allow_rule",
      "provider": "provider[\"registry.terraform.io/hashicorp/aws\"]",
      "instances": [
        {
          "schema_version": 1,
          "attributes": {
            "arn": "arn:aws:ec2:us-east-1:944341158162:security-group/sg-080b070c351c6be70",
            "description": "Managed by Terraform",
            "egress": [
              {
                "cidr_blocks": [
                  "0.0.0.0/0"
                ],
                "description": "",
                "from_port": 0,
                "ipv6_cidr_blocks": [],
                "prefix_list_ids": [],
                "protocol": "-1",
                "security_groups": [],
                "self": false,
                "to_port": 0
              }
            ],
            "id": "sg-080b070c351c6be70",
            "ingress": [
              {
                "cidr_blocks": [
                  "0.0.0.0/0"
                ],
                "description": "HTTPS",
                "from_port": 443,
                "ipv6_cidr_blocks": [],
                "prefix_list_ids": [],
                "protocol": "tcp",
                "security_groups": [],
                "self": false,
                "to_port": 443
              },
              {
                "cidr_blocks": [
                  "0.0.0.0/0"
                ],
                "description": "HTTPS",
                "from_port": 80,
                "ipv6_cidr_blocks": [],
                "prefix_list_ids": [],
                "protocol": "tcp",
                "security_groups": [],
                "self": false,
                "to_port": 80
              },
              {
                "cidr_blocks": [
                  "0.0.0.0/0"
                ],
                "description": "MYSQL",
                "from_port": 3306,
                "ipv6_cidr_blocks": [],
                "prefix_list_ids": [],
                "protocol": "tcp",
                "security_groups": [],
                "self": false,
                "to_port": 3306
              },
              {
                "cidr_blocks": [
                  "0.0.0.0/0"
                ],
                "description": "SSH",
                "from_port": 22,
                "ipv6_cidr_blocks": [],
                "prefix_list_ids": [],
                "protocol": "tcp",
                "security_groups": [],
                "self": false,
                "to_port": 22
              }
            ],
            "name": "terraform-20230329072313059800000001",
            "name_prefix": "terraform-",
            "owner_id": "944341158162",
            "revoke_rules_on_delete": false,
            "tags": {
              "Name": "allow ssh,http,https"
            },
            "tags_all": {
              "Name": "allow ssh,http,https"
            },
            "timeouts": null,
            "vpc_id": "vpc-091fbe8b3c8b068d3"
          },
          "sensitive_attributes": [],
          "private": "eyJlMmJmYjczMC1lY2FhLTExZTYtOGY4OC0zNDM2M2JjN2M0YzAiOnsiY3JlYXRlIjo2MDAwMDAwMDAwMDAsImRlbGV0ZSI6OTAwMDAwMDAwMDAwfSwic2NoZW1hX3ZlcnNpb24iOiIxIn0=",
          "dependencies": [
            "module.vpc.aws_vpc.prod-vpc"
          ]
        }
      ]
    },
    {
      "module": "module.ec2",
      "mode": "managed",
      "type": "aws_eip",
      "name": "eip",
      "provider": "provider[\"registry.terraform.io/hashicorp/aws\"]",
      "instances": [
        {
          "schema_version": 0,
          "attributes": {
            "address": null,
            "allocation_id": "eipalloc-072cb57970c39430d",
            "associate_with_private_ip": null,
            "association_id": "eipassoc-052d4e2014b04f6b0",
            "carrier_ip": "",
            "customer_owned_ip": "",
            "customer_owned_ipv4_pool": "",
            "domain": "vpc",
            "id": "eipalloc-072cb57970c39430d",
            "instance": "i-023e9e172908cabae",
            "network_border_group": "us-east-1",
            "network_interface": "eni-00ab8f068d369787c",
            "private_dns": "ip-10-0-1-216.ec2.internal",
            "private_ip": "10.0.1.216",
            "public_dns": "ec2-54-146-4-196.compute-1.amazonaws.com",
            "public_ip": "54.146.4.196",
            "public_ipv4_pool": "amazon",
            "tags": null,
            "tags_all": {},
            "timeouts": null,
            "vpc": true
          },
          "sensitive_attributes": [],
          "private": "eyJlMmJmYjczMC1lY2FhLTExZTYtOGY4OC0zNDM2M2JjN2M0YzAiOnsiZGVsZXRlIjoxODAwMDAwMDAwMDAsInJlYWQiOjkwMDAwMDAwMDAwMCwidXBkYXRlIjozMDAwMDAwMDAwMDB9fQ==",
          "dependencies": [
            "module.ami.data.aws_ami.linux2",
            "module.ami.data.aws_ami.ubuntu",
            "module.asg.aws_security_group.ec2_allow_rule",
            "module.ec2.aws_instance.wordpressec2",
            "module.ec2.aws_subnet.prod-subnet-public-1",
            "module.pairs.aws_key_pair.tf-key-pair",
            "module.pairs.tls_private_key.rsa",
            "module.vpc.aws_vpc.prod-vpc"
          ]
        }
      ]
    },
    {
      "module": "module.ec2",
      "mode": "managed",
      "type": "aws_instance",
      "name": "wordpressec2",
      "provider": "provider[\"registry.terraform.io/hashicorp/aws\"]",
      "instances": [
        {
          "schema_version": 1,
          "attributes": {
            "ami": "ami-0aa2b7722dc1b5612",
            "arn": "arn:aws:ec2:us-east-1:944341158162:instance/i-023e9e172908cabae",
            "associate_public_ip_address": true,
            "availability_zone": "us-east-1a",
            "capacity_reservation_specification": [
              {
                "capacity_reservation_preference": "open",
                "capacity_reservation_target": []
              }
            ],
            "cpu_core_count": 1,
            "cpu_threads_per_core": 1,
            "credit_specification": [
              {
                "cpu_credits": "standard"
              }
            ],
            "disable_api_stop": false,
            "disable_api_termination": false,
            "ebs_block_device": [],
            "ebs_optimized": false,
            "enclave_options": [
              {
                "enabled": false
              }
            ],
            "ephemeral_block_device": [],
            "get_password_data": false,
            "hibernation": false,
            "host_id": "",
            "host_resource_group_arn": null,
            "iam_instance_profile": "",
            "id": "i-023e9e172908cabae",
            "instance_initiated_shutdown_behavior": "stop",
            "instance_state": "running",
            "instance_type": "t2.micro",
            "ipv6_address_count": 0,
            "ipv6_addresses": [],
            "key_name": "tf-key-pair",
            "launch_template": [],
            "maintenance_options": [
              {
                "auto_recovery": "default"
              }
            ],
            "metadata_options": [
              {
                "http_endpoint": "enabled",
                "http_put_response_hop_limit": 1,
                "http_tokens": "optional",
                "instance_metadata_tags": "disabled"
              }
            ],
            "monitoring": false,
            "network_interface": [],
            "outpost_arn": "",
            "password_data": "",
            "placement_group": "",
            "placement_partition_number": 0,
            "primary_network_interface_id": "eni-00ab8f068d369787c",
            "private_dns": "ip-10-0-1-216.ec2.internal",
            "private_dns_name_options": [
              {
                "enable_resource_name_dns_a_record": false,
                "enable_resource_name_dns_aaaa_record": false,
                "hostname_type": "ip-name"
              }
            ],
            "private_ip": "10.0.1.216",
            "public_dns": "ec2-54-225-35-226.compute-1.amazonaws.com",
            "public_ip": "54.225.35.226",
            "root_block_device": [
              {
                "delete_on_termination": true,
                "device_name": "/dev/sda1",
                "encrypted": false,
                "iops": 100,
                "kms_key_id": "",
                "tags": null,
                "throughput": 0,
                "volume_id": "vol-0a3288565007ba7cc",
                "volume_size": 22,
                "volume_type": "gp2"
              }
            ],
            "secondary_private_ips": [],
            "security_groups": [],
            "source_dest_check": true,
            "subnet_id": "subnet-0a460ad5a53a054f4",
            "tags": {
              "Name": "Wordress.web"
            },
            "tags_all": {
              "Name": "Wordress.web"
            },
            "tenancy": "default",
            "timeouts": null,
            "user_data": "28457199a286b6541aef4e48ddf52f5c570c06f7",
            "user_data_base64": null,
            "user_data_replace_on_change": false,
            "volume_tags": null,
            "vpc_security_group_ids": [
              "sg-080b070c351c6be70"
            ]
          },
          "sensitive_attributes": [],
          "private": "eyJlMmJmYjczMC1lY2FhLTExZTYtOGY4OC0zNDM2M2JjN2M0YzAiOnsiY3JlYXRlIjo2MDAwMDAwMDAwMDAsImRlbGV0ZSI6MTIwMDAwMDAwMDAwMCwidXBkYXRlIjo2MDAwMDAwMDAwMDB9LCJzY2hlbWFfdmVyc2lvbiI6IjEifQ==",
          "dependencies": [
            "module.ami.data.aws_ami.linux2",
            "module.ami.data.aws_ami.ubuntu",
            "module.asg.aws_security_group.ec2_allow_rule",
            "module.ec2.aws_subnet.prod-subnet-public-1",
            "module.pairs.aws_key_pair.tf-key-pair",
            "module.pairs.tls_private_key.rsa",
            "module.vpc.aws_vpc.prod-vpc"
          ]
        }
      ]
    },
    {
      "module": "module.ec2",
      "mode": "managed",
      "type": "aws_internet_gateway",
      "name": "prod-igw",
      "provider": "provider[\"registry.terraform.io/hashicorp/aws\"]",
      "instances": [
        {
          "schema_version": 0,
          "attributes": {
            "arn": "arn:aws:ec2:us-east-1:944341158162:internet-gateway/igw-0ec75e2496a4f2b3f",
            "id": "igw-0ec75e2496a4f2b3f",
            "owner_id": "944341158162",
            "tags": null,
            "tags_all": {},
            "timeouts": null,
            "vpc_id": "vpc-091fbe8b3c8b068d3"
          },
          "sensitive_attributes": [],
          "private": "eyJlMmJmYjczMC1lY2FhLTExZTYtOGY4OC0zNDM2M2JjN2M0YzAiOnsiY3JlYXRlIjoxMjAwMDAwMDAwMDAwLCJkZWxldGUiOjEyMDAwMDAwMDAwMDAsInVwZGF0ZSI6MTIwMDAwMDAwMDAwMH19",
          "dependencies": [
            "module.vpc.aws_vpc.prod-vpc"
          ]
        }
      ]
    },
    {
      "module": "module.ec2",
      "mode": "managed",
      "type": "aws_route_table",
      "name": "prod-public-crt",
      "provider": "provider[\"registry.terraform.io/hashicorp/aws\"]",
      "instances": [
        {
          "schema_version": 0,
          "attributes": {
            "arn": "arn:aws:ec2:us-east-1:944341158162:route-table/rtb-07903d721cd18f728",
            "id": "rtb-07903d721cd18f728",
            "owner_id": "944341158162",
            "propagating_vgws": [],
            "route": [
              {
                "carrier_gateway_id": "",
                "cidr_block": "0.0.0.0/0",
                "core_network_arn": "",
                "destination_prefix_list_id": "",
                "egress_only_gateway_id": "",
                "gateway_id": "igw-0ec75e2496a4f2b3f",
                "instance_id": "",
                "ipv6_cidr_block": "",
                "local_gateway_id": "",
                "nat_gateway_id": "",
                "network_interface_id": "",
                "transit_gateway_id": "",
                "vpc_endpoint_id": "",
                "vpc_peering_connection_id": ""
              }
            ],
            "tags": null,
            "tags_all": {},
            "timeouts": null,
            "vpc_id": "vpc-091fbe8b3c8b068d3"
          },
          "sensitive_attributes": [],
          "private": "eyJlMmJmYjczMC1lY2FhLTExZTYtOGY4OC0zNDM2M2JjN2M0YzAiOnsiY3JlYXRlIjozMDAwMDAwMDAwMDAsImRlbGV0ZSI6MzAwMDAwMDAwMDAwLCJ1cGRhdGUiOjEyMDAwMDAwMDAwMH19",
          "dependencies": [
            "module.ec2.aws_internet_gateway.prod-igw",
            "module.vpc.aws_vpc.prod-vpc"
          ]
        }
      ]
    },
    {
      "module": "module.ec2",
      "mode": "managed",
      "type": "aws_route_table_association",
      "name": "prod-crta-public-subnet-1",
      "provider": "provider[\"registry.terraform.io/hashicorp/aws\"]",
      "instances": [
        {
          "schema_version": 0,
          "attributes": {
            "gateway_id": "",
            "id": "rtbassoc-0a6f9d7ab17db71bb",
            "route_table_id": "rtb-07903d721cd18f728",
            "subnet_id": "subnet-0a460ad5a53a054f4"
          },
          "sensitive_attributes": [],
          "private": "bnVsbA==",
          "dependencies": [
            "module.ec2.aws_internet_gateway.prod-igw",
            "module.ec2.aws_route_table.prod-public-crt",
            "module.ec2.aws_subnet.prod-subnet-public-1",
            "module.vpc.aws_vpc.prod-vpc"
          ]
        }
      ]
    },
    {
      "module": "module.ec2",
      "mode": "managed",
      "type": "aws_subnet",
      "name": "prod-subnet-public-1",
      "provider": "provider[\"registry.terraform.io/hashicorp/aws\"]",
      "instances": [
        {
          "schema_version": 1,
          "attributes": {
            "arn": "arn:aws:ec2:us-east-1:944341158162:subnet/subnet-0a460ad5a53a054f4",
            "assign_ipv6_address_on_creation": false,
            "availability_zone": "us-east-1a",
            "availability_zone_id": "use1-az4",
            "cidr_block": "10.0.1.0/24",
            "customer_owned_ipv4_pool": "",
            "enable_dns64": false,
            "enable_resource_name_dns_a_record_on_launch": false,
            "enable_resource_name_dns_aaaa_record_on_launch": false,
            "id": "subnet-0a460ad5a53a054f4",
            "ipv6_cidr_block": "",
            "ipv6_cidr_block_association_id": "",
            "ipv6_native": false,
            "map_customer_owned_ip_on_launch": false,
            "map_public_ip_on_launch": true,
            "outpost_arn": "",
            "owner_id": "944341158162",
            "private_dns_hostname_type_on_launch": "ip-name",
            "tags": null,
            "tags_all": {},
            "timeouts": null,
            "vpc_id": "vpc-091fbe8b3c8b068d3"
          },
          "sensitive_attributes": [],
          "private": "eyJlMmJmYjczMC1lY2FhLTExZTYtOGY4OC0zNDM2M2JjN2M0YzAiOnsiY3JlYXRlIjo2MDAwMDAwMDAwMDAsImRlbGV0ZSI6MTIwMDAwMDAwMDAwMH0sInNjaGVtYV92ZXJzaW9uIjoiMSJ9",
          "dependencies": [
            "module.vpc.aws_vpc.prod-vpc"
          ]
        }
      ]
    },
    {
      "module": "module.ec2",
      "mode": "managed",
      "type": "null_resource",
      "name": "Wordpress_Installation_Waiting",
      "provider": "provider[\"registry.terraform.io/hashicorp/null\"]",
      "instances": [
        {
          "status": "tainted",
          "schema_version": 0,
          "attributes": {
            "id": "8603721568164543137",
            "triggers": {
              "ec2_id": "i-023e9e172908cabae",
              "rds_endpoint": "terraform-20230329072325383300000004.cro39vlr87zc.us-east-1.rds.amazonaws.com:3306"
            }
          },
          "sensitive_attributes": [],
          "private": "bnVsbA==",
          "dependencies": [
            "module.ami.data.aws_ami.linux2",
            "module.ami.data.aws_ami.ubuntu",
            "module.asg.aws_security_group.RDS_allow_rule",
            "module.asg.aws_security_group.ec2_allow_rule",
            "module.ec2.aws_eip.eip",
            "module.ec2.aws_instance.wordpressec2",
            "module.ec2.aws_subnet.prod-subnet-public-1",
            "module.pairs.aws_key_pair.tf-key-pair",
            "module.pairs.tls_private_key.rsa",
            "module.rds.aws_db_instance.wordpressdb",
            "module.rds.aws_db_subnet_group.RDS_subnet_grp",
            "module.rds.aws_subnet.prod-subnet-private-1",
            "module.rds.aws_subnet.prod-subnet-private-2",
            "module.vpc.aws_vpc.prod-vpc"
          ]
        }
      ]
    },
    {
      "module": "module.pairs",
      "mode": "managed",
      "type": "aws_key_pair",
      "name": "tf-key-pair",
      "provider": "provider[\"registry.terraform.io/hashicorp/aws\"]",
      "instances": [
        {
          "schema_version": 1,
          "attributes": {
            "arn": "arn:aws:ec2:us-east-1:944341158162:key-pair/tf-key-pair",
            "fingerprint": "e1:0b:38:1a:7b:d7:d4:be:26:c3:21:2e:3e:3a:51:9e",
            "id": "tf-key-pair",
            "key_name": "tf-key-pair",
            "key_name_prefix": "",
            "key_pair_id": "key-0491764621e069e99",
            "key_type": "rsa",
            "public_key": "ssh-rsa AAAAB3NzaC1yc2EAAAADAQABAAACAQDACXXg17XiEt3i5HTEaTXcHwyhdloUhA2ImpN8+ok37Ay3xClzomWo8gCUscq6bVTKt4vn9j9WEVx0oIcIsgHFdeUII4FY7PwdRR8dlSQcV6IdibTE2umCFhMzzbPeiqXYcLZzE9iDU1ujRbl4KoH2l6XxGDGz3c5mWuAA8ccunFGPoXn3ET3tkXxIUlFuFDFY0eG2gT4oE2gc3u4KOTtc6fHpa9UCIja4Ivv+3UDuMibXb56LoV3NmfjlDHzBWE2GHWFFdqVzKDfa2KD5QjN18lBSrh+thReEQEr1J3Kp6oRxYcTKPFVHIe3epG1GqWJ5OLzI4oBeu6JrJbwBhkhoh6HRnD6eZqOOkrzqBwHLldxugr7dJWHpPAB4ZVxh93nCPrBPcHa2RC3Fak73MfZNTAWrL6DULavx0lDJ3/ymVcTw3omxs62YCiWgE9Qy39vtF8PRG61pSO+Jn07sNNLqOqwP7/TESRAGGsZr7t9qLx6IqXEribZqwYF3K/SnsprcpoPiYrgSFX58rYikMtNW/lk0A81uIL+9RK8SeV96EqX/sJgNAqj4lg4ZuGrW8YZ8V4Sbf3yrErBhbV0+zSBOf+/3xTBlJQjsHDH66VnHxmy8NY6lgl53Jkei5rUO/Ic0WGObWtGUPKOYrZZF7v93alOHdj81+o0xIijOV1Y0ZQ==",
            "tags": null,
            "tags_all": {}
          },
          "sensitive_attributes": [],
          "private": "eyJzY2hlbWFfdmVyc2lvbiI6IjEifQ==",
          "dependencies": [
            "module.pairs.tls_private_key.rsa"
          ]
        }
      ]
    },
    {
      "module": "module.pairs",
      "mode": "managed",
      "type": "local_file",
      "name": "tf-key",
      "provider": "provider[\"registry.terraform.io/hashicorp/local\"]",
      "instances": [
        {
          "schema_version": 0,
          "attributes": {
            "content": "-----BEGIN RSA PRIVATE KEY-----\nMIIJKAIBAAKCAgEAwAl14Ne14hLd4uR0xGk13B8MoXZaFIQNiJqTfPqJN+wMt8Qp\nc6JlqPIAlLHKum1UyreL5/Y/VhFcdKCHCLIBxXXlCCOBWOz8HUUfHZUkHFeiHYm0\nxNrpghYTM82z3oql2HC2cxPYg1Nbo0W5eCqB9pel8Rgxs93OZlrgAPHHLpxRj6F5\n9xE97ZF8SFJRbhQxWNHhtoE+KBNoHN7uCjk7XOnx6WvVAiI2uCL7/t1A7jIm12+e\ni6FdzZn45Qx8wVhNhh1hRXalcyg32tig+UIzdfJQUq4frYUXhEBK9SdyqeqEcWHE\nyjxVRyHt3qRtRqlieTi8yOKAXruiayW8AYZIaIeh0Zw+nmajjpK86gcBy5XcboK+\n3SVh6TwAeGVcYfd5wj6wT3B2tkQtxWpO9zH2TUwFqy+g1C2r8dJQyd/8plXE8N6J\nsbOtmAoloBPUMt/b7RfD0RutaUjviZ9O7DTS6jqsD+/0xEkQBhrGa+7fai8eiKlx\nK4m2asGBdyv0p7Ka3KaD4mK4EhV+fK2IpDLTVv5ZNAPNbiC/vUSvEnlfehKl/7CY\nDQKo+JYOGbhq1vGGfFeEm398qxKwYW1dPs0gTn/v98UwZSUI7Bwx+ulZx8ZsvDWO\npYJedyZHoua1DvyHNFhjm1rRlDyjmK2WRe7/d2pTh3Y/NfqNMSIozldWNGUCAwEA\nAQKCAgB22WQK83WtpN+OPLXHmRWsVcsLYqP9bnyxvnjpMGUcJwr38H93AVrJZHzX\nifFdz6xaiZ4cwVoRek0uIOtxhjlya7SDhPXYg1LFCrJnLJZctB+xCDjIXHOH/wGD\nXhuj70sU2S0Rq4akQELGmbBfnm8wnkolHEQmfW/wCO35p6kOP9B6hAVn01PwY8n3\nOHsNFZI01jBLM1G0m84jkBTiXulOZ7tAK2x5FZOoAn7TDTvSL1e6nWoSIJxdUp2n\npELRpkTUa/p3cyaSTqHC369AlKgkpwLvKLSSP3x+bQv3DaL5Zhrx0QBp6U0d6PG+\niSTYRpybSXINIaExAA9VINVqXCES/cVNjTmpaKayIlxouqyzD/XCg8RgPeSIDSrM\ntH046P8jnSxdrjtno0uZGARHIbgQDS+pUIO07o4nLG9hVIa8NU2wMVJvA+tMA5cs\n/T8FofF07sdciRYyytZwULNqV+W02JBq6RiapibbqPHzEUDr9newL+lHV3hi90uJ\nt9ALWt2+S+BLi2ksSH4JbAgOKrfOJyNhd5UeWfBd8u6M13a/6ONgGtXxoYQ8YCUr\nznohoXqtSwzE399By8/hNoUlFk1tkyGVI2NPgXcm1MbXBDAE7gReL8x2JDnzSPJy\n6XGIsRNxbI66WAbR9C9gwrbOHYp77Do8nfyfgKjkmcN1LOhIAQKCAQEA5SeRRoxQ\nM/FVZ9IU1XJbr+G5fLoPCQnJEIasYgyndKo2TSA13rvR59cpra6yJJiyOeqBoTu5\nIgJlDoROq9Z9D2weKFxBWdKyNFMgbZUbuHe+6LAFJlYhx3DGPnIxvSJ2kYgcM9hp\n2cNrod8202WHapHhz0VdTTIoGNUelwtOsR8cSCa9AK98JD2PrIBJcRO1dWyRF72O\ndITQ+K3nzVWflyXD7US4V+0+5omt4G0rPXtUqtdmosMlb4+osggno7qbWuVBqQxm\nO0/KIXYlttGFAnGAGBe8XEncqpW5kdvXk8AD5Y7cVmBkRjj1kznXVUTf3y57ndOC\n1Gdre6Hvx433BQKCAQEA1oi4y5pUcc/YXZ8fxxYqvnAjcTj9W6Hot7pDyXwT8gv1\nMcpM54LOwgLQBlzQ+zF2rrzM2YwnJk2dw8HkTkDq/cbDKn88TZIWUM2ly1Vj5bSf\nfSm9g7bWmMPEcbQP7nLe60DP7PdEh1MOGktPV/ERLL5/N7m/FW/LmSF7zgIRvd3A\nTtIkZnJ4vzNH0/vEkqa7frcPNgsXBOd1alKQIAyIlbyRAbJhi8tkOUCvYWVIKJrd\nt2speNLCDt6YLH9ucUiXXrXUrWgKzJjdozGCHfzXobA53fpbdfXBWDZudQj4LOrs\nLpA75QcwmZoRxUhueNqlVhaMpuEPxT+xPAlZqVkF4QKCAQA8e88agdqBe0eBma+q\nDv8oUzn0M9/YEN8jH4jMcG6amnqurLvLSGPE/8OedifLBQq1wrHobq0UzvEBfeaN\n8JUdxvnGyWLuZHBo4zAB/INOkzyuihcx4TYVQCzzOozqUPhevUBEZvC5a50zIomE\nDp5JgKvLW5Ge2IhA1a+3SmLA2WdLm/3y+l6X6i/L5ih8UilpDvjU/VFma9AEc1Jl\nnh37dRpbu/G0M4iQrPJZ9Dafibf1R9ltSHjPE2oBY6miy5RJz40fI4iwSwUdA+Q8\ndtzWokKfGVS8PzqhQ9exKgeileHxa1245sRQzKP08iVl+kHk1I4IQFWd3pY+EaYK\nU+xJAoIBABWSffKLPD6NhdY0L//W7MllgUrbTi6uozYGVtal0WOfbDJrgzwsXRoJ\nKl3Za3I20RZVCcw+WZlyaJDMqGZuBLMsD2fwj2HFdNT/ONKvbXIlrXvqfJIICqAl\n31UHpCp4Bo5lYAMWAiARa/Oc6weOyAlVxnkWBm7jZPeq9EYM0zfiWnoSi3J5xEaF\no41fXa7ZcTUWt0LZ7qChnZ7pWnC+keVsprAi/cgO1a8kH/6NLqpWmEDfV7Y8iyLv\noyGmVraxc/ckFZSyR5O3M2I7kjftuskZbVgy2ouMALscDhNaqYnqvYEZI8yt4mcv\npOXPmLwyUDnN3qrRKsLM2seMsSVkPEECggEBALfoZVNMtyOoiJxQcWO/Q/2VSiwa\n0s5SDLFNC4QdsiRQ1r/5HMK2PjJjBbV63Is679OhdfSvaBwBZwiWHsrsKRMk96P2\n23O1HaT2hEm7Gnxokl3rVEbvXBRBsiR0fWx95Wi/WcmHeyLhcotttLCNdW1EbBfY\nu0U5rTN/c0LBDrFkDvhDN2urjjR2SiuFIqef/Wk644Cmxrrbrgx1XjwYk59HB1NJ\ntrZZu3hiM5rtgUA/8rNQEJdUguXQQViFyf8eTYKq6MgmSQ1k7LBNOX+4ryw3w4DU\n1/pyIycyKI28sHUZcMMF9eemO8vQzh8+y+oioll+NoCUgYIdhHABECbHEfE=\n-----END RSA PRIVATE KEY-----\n",
            "content_base64": null,
            "content_base64sha256": "jHLNdb19s8Eg+DMt9YWLZJlwq//Q0V1y12KUyabVPdU=",
            "content_base64sha512": "2SF9mkorFXU6LJngFrsuxpiYv+QM4OdUn9eI0+7liSG9TbaoD9kcKqLnlBM7guqNUECoP4/wYsXoR2zbNcee1g==",
            "content_md5": "9c40702570eaef03434b299d1bff42af",
            "content_sha1": "6f982d99f42fd2928e004cbceaa822f6fe7ce60a",
            "content_sha256": "8c72cd75bd7db3c120f8332df5858b649970abffd0d15d72d76294c9a6d53dd5",
            "content_sha512": "d9217d9a4a2b15753a2c99e016bb2ec69898bfe40ce0e7549fd788d3eee58921bd4db6a80fd91c2aa2e794133b82ea8d5040a83f8ff062c5e8476cdb35c79ed6",
            "directory_permission": "0777",
            "file_permission": "0777",
            "filename": "tf-key-pair",
            "id": "6f982d99f42fd2928e004cbceaa822f6fe7ce60a",
            "sensitive_content": null,
            "source": null
          },
          "sensitive_attributes": [
            [
              {
                "type": "get_attr",
                "value": "content"
              }
            ]
          ],
          "dependencies": [
            "module.pairs.tls_private_key.rsa"
          ]
        }
      ]
    },
    {
      "module": "module.pairs",
      "mode": "managed",
      "type": "tls_private_key",
      "name": "rsa",
      "provider": "provider[\"registry.terraform.io/hashicorp/tls\"]",
      "instances": [
        {
          "schema_version": 1,
          "attributes": {
            "algorithm": "RSA",
            "ecdsa_curve": "P224",
            "id": "8d9fccbb5d4aeaad2c5138de4b13e1a2cdedff15",
            "private_key_openssh": "-----BEGIN OPENSSH PRIVATE KEY-----\nb3BlbnNzaC1rZXktdjEAAAAABG5vbmUAAAAEbm9uZQAAAAAAAAABAAACFwAAAAdz\nc2gtcnNhAAAAAwEAAQAAAgEAwAl14Ne14hLd4uR0xGk13B8MoXZaFIQNiJqTfPqJ\nN+wMt8Qpc6JlqPIAlLHKum1UyreL5/Y/VhFcdKCHCLIBxXXlCCOBWOz8HUUfHZUk\nHFeiHYm0xNrpghYTM82z3oql2HC2cxPYg1Nbo0W5eCqB9pel8Rgxs93OZlrgAPHH\nLpxRj6F59xE97ZF8SFJRbhQxWNHhtoE+KBNoHN7uCjk7XOnx6WvVAiI2uCL7/t1A\n7jIm12+ei6FdzZn45Qx8wVhNhh1hRXalcyg32tig+UIzdfJQUq4frYUXhEBK9Sdy\nqeqEcWHEyjxVRyHt3qRtRqlieTi8yOKAXruiayW8AYZIaIeh0Zw+nmajjpK86gcB\ny5XcboK+3SVh6TwAeGVcYfd5wj6wT3B2tkQtxWpO9zH2TUwFqy+g1C2r8dJQyd/8\nplXE8N6JsbOtmAoloBPUMt/b7RfD0RutaUjviZ9O7DTS6jqsD+/0xEkQBhrGa+7f\nai8eiKlxK4m2asGBdyv0p7Ka3KaD4mK4EhV+fK2IpDLTVv5ZNAPNbiC/vUSvEnlf\nehKl/7CYDQKo+JYOGbhq1vGGfFeEm398qxKwYW1dPs0gTn/v98UwZSUI7Bwx+ulZ\nx8ZsvDWOpYJedyZHoua1DvyHNFhjm1rRlDyjmK2WRe7/d2pTh3Y/NfqNMSIozldW\nNGUAAAc4U0Jis1NCYrMAAAAHc3NoLXJzYQAAAgEAwAl14Ne14hLd4uR0xGk13B8M\noXZaFIQNiJqTfPqJN+wMt8Qpc6JlqPIAlLHKum1UyreL5/Y/VhFcdKCHCLIBxXXl\nCCOBWOz8HUUfHZUkHFeiHYm0xNrpghYTM82z3oql2HC2cxPYg1Nbo0W5eCqB9pel\n8Rgxs93OZlrgAPHHLpxRj6F59xE97ZF8SFJRbhQxWNHhtoE+KBNoHN7uCjk7XOnx\n6WvVAiI2uCL7/t1A7jIm12+ei6FdzZn45Qx8wVhNhh1hRXalcyg32tig+UIzdfJQ\nUq4frYUXhEBK9SdyqeqEcWHEyjxVRyHt3qRtRqlieTi8yOKAXruiayW8AYZIaIeh\n0Zw+nmajjpK86gcBy5XcboK+3SVh6TwAeGVcYfd5wj6wT3B2tkQtxWpO9zH2TUwF\nqy+g1C2r8dJQyd/8plXE8N6JsbOtmAoloBPUMt/b7RfD0RutaUjviZ9O7DTS6jqs\nD+/0xEkQBhrGa+7fai8eiKlxK4m2asGBdyv0p7Ka3KaD4mK4EhV+fK2IpDLTVv5Z\nNAPNbiC/vUSvEnlfehKl/7CYDQKo+JYOGbhq1vGGfFeEm398qxKwYW1dPs0gTn/v\n98UwZSUI7Bwx+ulZx8ZsvDWOpYJedyZHoua1DvyHNFhjm1rRlDyjmK2WRe7/d2pT\nh3Y/NfqNMSIozldWNGUAAAADAQABAAACAHbZZArzda2k3448tceZFaxVywtio/1u\nfLG+eOkwZRwnCvfwf3cBWslkfNeJ8V3PrFqJnhzBWhF6TS4g63GGOXJrtIOE9diD\nUsUKsmcslly0H7EIOMhcc4f/AYNeG6PvSxTZLRGrhqRAQsaZsF+ebzCeSiUcRCZ9\nb/AI7fmnqQ4/0HqEBWfTU/Bjyfc4ew0VkjTWMEszUbSbziOQFOJe6U5nu0ArbHkV\nk6gCftMNO9IvV7qdahIgnF1SnaekQtGmRNRr+ndzJpJOocLfr0CUqCSnAu8otJI/\nfH5tC/cNovlmGvHRAGnpTR3o8b6JJNhGnJtJcg0hoTEAD1Ug1WpcIRL9xU2NOalo\nprIiXGi6rLMP9cKDxGA95IgNKsy0fTjo/yOdLF2uO2ejS5kYBEchuBANL6lQg7Tu\njicsb2FUhrw1TbAxUm8D60wDlyz9PwWh8XTux1yJFjLK1nBQs2pX5bTYkGrpGJqm\nJtuo8fMRQOv2d7Av6UdXeGL3S4m30Ata3b5L4EuLaSxIfglsCA4qt84nI2F3lR5Z\n8F3y7ozXdr/o42Aa1fGhhDxgJSvOeiGheq1LDMTf30HLz+E2hSUWTW2TIZUjY0+B\ndybUxtcEMATuBF4vzHYkOfNI8nLpcYixE3FsjrpYBtH0L2DCts4dinvsOjyd/J+A\nqOSZw3Us6EgBAAABAQC36GVTTLcjqIicUHFjv0P9lUosGtLOUgyxTQuEHbIkUNa/\n+RzCtj4yYwW1etyLOu/ToXX0r2gcAWcIlh7K7CkTJPej9ttztR2k9oRJuxp8aJJd\n61RG71wUQbIkdH1sfeVov1nJh3si4XKLbbSwjXVtRGwX2LtFOa0zf3NCwQ6xZA74\nQzdrq440dkorhSKnn/1pOuOApsa6264MdV48GJOfRwdTSba2Wbt4YjOa7YFAP/Kz\nUBCXVILl0EFYhcn/Hk2CqujIJkkNZOywTTl/uK8sN8OA1Nf6ciMnMiiNvLB1GXDD\nBfXnpjvL0M4fPsvqIqJZfjaAlIGCHYRwARAmxxHxAAABAQDlJ5FGjFAz8VVn0hTV\ncluv4bl8ug8JCckQhqxiDKd0qjZNIDXeu9Hn1ymtrrIkmLI56oGhO7kiAmUOhE6r\n1n0PbB4oXEFZ0rI0UyBtlRu4d77osAUmViHHcMY+cjG9InaRiBwz2GnZw2uh3zbT\nZYdqkeHPRV1NMigY1R6XC06xHxxIJr0Ar3wkPY+sgElxE7V1bJEXvY50hND4refN\nVZ+XJcPtRLhX7T7mia3gbSs9e1Sq12aiwyVvj6iyCCejupta5UGpDGY7T8ohdiW2\n0YUCcYAYF7xcSdyqlbmR29eTwAPljtxWYGRGOPWTOddVRN/fLnud04LUZ2t7oe/H\njfcFAAABAQDWiLjLmlRxz9hdnx/HFiq+cCNxOP1boei3ukPJfBPyC/Uxykzngs7C\nAtAGXND7MXauvMzZjCcmTZ3DweROQOr9xsMqfzxNkhZQzaXLVWPltJ99Kb2DttaY\nw8RxtA/uct7rQM/s90SHUw4aS09X8REsvn83ub8Vb8uZIXvOAhG93cBO0iRmcni/\nM0fT+8SSprt+tw82CxcE53VqUpAgDIiVvJEBsmGLy2Q5QK9hZUgomt23ayl40sIO\n3pgsf25xSJdetdStaArMmN2jMYId/NehsDnd+lt19cFYNm51CPgs6uwukDvlBzCZ\nmhHFSG542qVWFoym4Q/FP7E8CVmpWQXhAAAAAAEC\n-----END OPENSSH PRIVATE KEY-----\n",
            "private_key_pem": "-----BEGIN RSA PRIVATE KEY-----\nMIIJKAIBAAKCAgEAwAl14Ne14hLd4uR0xGk13B8MoXZaFIQNiJqTfPqJN+wMt8Qp\nc6JlqPIAlLHKum1UyreL5/Y/VhFcdKCHCLIBxXXlCCOBWOz8HUUfHZUkHFeiHYm0\nxNrpghYTM82z3oql2HC2cxPYg1Nbo0W5eCqB9pel8Rgxs93OZlrgAPHHLpxRj6F5\n9xE97ZF8SFJRbhQxWNHhtoE+KBNoHN7uCjk7XOnx6WvVAiI2uCL7/t1A7jIm12+e\ni6FdzZn45Qx8wVhNhh1hRXalcyg32tig+UIzdfJQUq4frYUXhEBK9SdyqeqEcWHE\nyjxVRyHt3qRtRqlieTi8yOKAXruiayW8AYZIaIeh0Zw+nmajjpK86gcBy5XcboK+\n3SVh6TwAeGVcYfd5wj6wT3B2tkQtxWpO9zH2TUwFqy+g1C2r8dJQyd/8plXE8N6J\nsbOtmAoloBPUMt/b7RfD0RutaUjviZ9O7DTS6jqsD+/0xEkQBhrGa+7fai8eiKlx\nK4m2asGBdyv0p7Ka3KaD4mK4EhV+fK2IpDLTVv5ZNAPNbiC/vUSvEnlfehKl/7CY\nDQKo+JYOGbhq1vGGfFeEm398qxKwYW1dPs0gTn/v98UwZSUI7Bwx+ulZx8ZsvDWO\npYJedyZHoua1DvyHNFhjm1rRlDyjmK2WRe7/d2pTh3Y/NfqNMSIozldWNGUCAwEA\nAQKCAgB22WQK83WtpN+OPLXHmRWsVcsLYqP9bnyxvnjpMGUcJwr38H93AVrJZHzX\nifFdz6xaiZ4cwVoRek0uIOtxhjlya7SDhPXYg1LFCrJnLJZctB+xCDjIXHOH/wGD\nXhuj70sU2S0Rq4akQELGmbBfnm8wnkolHEQmfW/wCO35p6kOP9B6hAVn01PwY8n3\nOHsNFZI01jBLM1G0m84jkBTiXulOZ7tAK2x5FZOoAn7TDTvSL1e6nWoSIJxdUp2n\npELRpkTUa/p3cyaSTqHC369AlKgkpwLvKLSSP3x+bQv3DaL5Zhrx0QBp6U0d6PG+\niSTYRpybSXINIaExAA9VINVqXCES/cVNjTmpaKayIlxouqyzD/XCg8RgPeSIDSrM\ntH046P8jnSxdrjtno0uZGARHIbgQDS+pUIO07o4nLG9hVIa8NU2wMVJvA+tMA5cs\n/T8FofF07sdciRYyytZwULNqV+W02JBq6RiapibbqPHzEUDr9newL+lHV3hi90uJ\nt9ALWt2+S+BLi2ksSH4JbAgOKrfOJyNhd5UeWfBd8u6M13a/6ONgGtXxoYQ8YCUr\nznohoXqtSwzE399By8/hNoUlFk1tkyGVI2NPgXcm1MbXBDAE7gReL8x2JDnzSPJy\n6XGIsRNxbI66WAbR9C9gwrbOHYp77Do8nfyfgKjkmcN1LOhIAQKCAQEA5SeRRoxQ\nM/FVZ9IU1XJbr+G5fLoPCQnJEIasYgyndKo2TSA13rvR59cpra6yJJiyOeqBoTu5\nIgJlDoROq9Z9D2weKFxBWdKyNFMgbZUbuHe+6LAFJlYhx3DGPnIxvSJ2kYgcM9hp\n2cNrod8202WHapHhz0VdTTIoGNUelwtOsR8cSCa9AK98JD2PrIBJcRO1dWyRF72O\ndITQ+K3nzVWflyXD7US4V+0+5omt4G0rPXtUqtdmosMlb4+osggno7qbWuVBqQxm\nO0/KIXYlttGFAnGAGBe8XEncqpW5kdvXk8AD5Y7cVmBkRjj1kznXVUTf3y57ndOC\n1Gdre6Hvx433BQKCAQEA1oi4y5pUcc/YXZ8fxxYqvnAjcTj9W6Hot7pDyXwT8gv1\nMcpM54LOwgLQBlzQ+zF2rrzM2YwnJk2dw8HkTkDq/cbDKn88TZIWUM2ly1Vj5bSf\nfSm9g7bWmMPEcbQP7nLe60DP7PdEh1MOGktPV/ERLL5/N7m/FW/LmSF7zgIRvd3A\nTtIkZnJ4vzNH0/vEkqa7frcPNgsXBOd1alKQIAyIlbyRAbJhi8tkOUCvYWVIKJrd\nt2speNLCDt6YLH9ucUiXXrXUrWgKzJjdozGCHfzXobA53fpbdfXBWDZudQj4LOrs\nLpA75QcwmZoRxUhueNqlVhaMpuEPxT+xPAlZqVkF4QKCAQA8e88agdqBe0eBma+q\nDv8oUzn0M9/YEN8jH4jMcG6amnqurLvLSGPE/8OedifLBQq1wrHobq0UzvEBfeaN\n8JUdxvnGyWLuZHBo4zAB/INOkzyuihcx4TYVQCzzOozqUPhevUBEZvC5a50zIomE\nDp5JgKvLW5Ge2IhA1a+3SmLA2WdLm/3y+l6X6i/L5ih8UilpDvjU/VFma9AEc1Jl\nnh37dRpbu/G0M4iQrPJZ9Dafibf1R9ltSHjPE2oBY6miy5RJz40fI4iwSwUdA+Q8\ndtzWokKfGVS8PzqhQ9exKgeileHxa1245sRQzKP08iVl+kHk1I4IQFWd3pY+EaYK\nU+xJAoIBABWSffKLPD6NhdY0L//W7MllgUrbTi6uozYGVtal0WOfbDJrgzwsXRoJ\nKl3Za3I20RZVCcw+WZlyaJDMqGZuBLMsD2fwj2HFdNT/ONKvbXIlrXvqfJIICqAl\n31UHpCp4Bo5lYAMWAiARa/Oc6weOyAlVxnkWBm7jZPeq9EYM0zfiWnoSi3J5xEaF\no41fXa7ZcTUWt0LZ7qChnZ7pWnC+keVsprAi/cgO1a8kH/6NLqpWmEDfV7Y8iyLv\noyGmVraxc/ckFZSyR5O3M2I7kjftuskZbVgy2ouMALscDhNaqYnqvYEZI8yt4mcv\npOXPmLwyUDnN3qrRKsLM2seMsSVkPEECggEBALfoZVNMtyOoiJxQcWO/Q/2VSiwa\n0s5SDLFNC4QdsiRQ1r/5HMK2PjJjBbV63Is679OhdfSvaBwBZwiWHsrsKRMk96P2\n23O1HaT2hEm7Gnxokl3rVEbvXBRBsiR0fWx95Wi/WcmHeyLhcotttLCNdW1EbBfY\nu0U5rTN/c0LBDrFkDvhDN2urjjR2SiuFIqef/Wk644Cmxrrbrgx1XjwYk59HB1NJ\ntrZZu3hiM5rtgUA/8rNQEJdUguXQQViFyf8eTYKq6MgmSQ1k7LBNOX+4ryw3w4DU\n1/pyIycyKI28sHUZcMMF9eemO8vQzh8+y+oioll+NoCUgYIdhHABECbHEfE=\n-----END RSA PRIVATE KEY-----\n",
            "private_key_pem_pkcs8": "-----BEGIN PRIVATE KEY-----\nMIIJQgIBADANBgkqhkiG9w0BAQEFAASCCSwwggkoAgEAAoICAQDACXXg17XiEt3i\n5HTEaTXcHwyhdloUhA2ImpN8+ok37Ay3xClzomWo8gCUscq6bVTKt4vn9j9WEVx0\noIcIsgHFdeUII4FY7PwdRR8dlSQcV6IdibTE2umCFhMzzbPeiqXYcLZzE9iDU1uj\nRbl4KoH2l6XxGDGz3c5mWuAA8ccunFGPoXn3ET3tkXxIUlFuFDFY0eG2gT4oE2gc\n3u4KOTtc6fHpa9UCIja4Ivv+3UDuMibXb56LoV3NmfjlDHzBWE2GHWFFdqVzKDfa\n2KD5QjN18lBSrh+thReEQEr1J3Kp6oRxYcTKPFVHIe3epG1GqWJ5OLzI4oBeu6Jr\nJbwBhkhoh6HRnD6eZqOOkrzqBwHLldxugr7dJWHpPAB4ZVxh93nCPrBPcHa2RC3F\nak73MfZNTAWrL6DULavx0lDJ3/ymVcTw3omxs62YCiWgE9Qy39vtF8PRG61pSO+J\nn07sNNLqOqwP7/TESRAGGsZr7t9qLx6IqXEribZqwYF3K/SnsprcpoPiYrgSFX58\nrYikMtNW/lk0A81uIL+9RK8SeV96EqX/sJgNAqj4lg4ZuGrW8YZ8V4Sbf3yrErBh\nbV0+zSBOf+/3xTBlJQjsHDH66VnHxmy8NY6lgl53Jkei5rUO/Ic0WGObWtGUPKOY\nrZZF7v93alOHdj81+o0xIijOV1Y0ZQIDAQABAoICAHbZZArzda2k3448tceZFaxV\nywtio/1ufLG+eOkwZRwnCvfwf3cBWslkfNeJ8V3PrFqJnhzBWhF6TS4g63GGOXJr\ntIOE9diDUsUKsmcslly0H7EIOMhcc4f/AYNeG6PvSxTZLRGrhqRAQsaZsF+ebzCe\nSiUcRCZ9b/AI7fmnqQ4/0HqEBWfTU/Bjyfc4ew0VkjTWMEszUbSbziOQFOJe6U5n\nu0ArbHkVk6gCftMNO9IvV7qdahIgnF1SnaekQtGmRNRr+ndzJpJOocLfr0CUqCSn\nAu8otJI/fH5tC/cNovlmGvHRAGnpTR3o8b6JJNhGnJtJcg0hoTEAD1Ug1WpcIRL9\nxU2NOaloprIiXGi6rLMP9cKDxGA95IgNKsy0fTjo/yOdLF2uO2ejS5kYBEchuBAN\nL6lQg7Tujicsb2FUhrw1TbAxUm8D60wDlyz9PwWh8XTux1yJFjLK1nBQs2pX5bTY\nkGrpGJqmJtuo8fMRQOv2d7Av6UdXeGL3S4m30Ata3b5L4EuLaSxIfglsCA4qt84n\nI2F3lR5Z8F3y7ozXdr/o42Aa1fGhhDxgJSvOeiGheq1LDMTf30HLz+E2hSUWTW2T\nIZUjY0+BdybUxtcEMATuBF4vzHYkOfNI8nLpcYixE3FsjrpYBtH0L2DCts4dinvs\nOjyd/J+AqOSZw3Us6EgBAoIBAQDlJ5FGjFAz8VVn0hTVcluv4bl8ug8JCckQhqxi\nDKd0qjZNIDXeu9Hn1ymtrrIkmLI56oGhO7kiAmUOhE6r1n0PbB4oXEFZ0rI0UyBt\nlRu4d77osAUmViHHcMY+cjG9InaRiBwz2GnZw2uh3zbTZYdqkeHPRV1NMigY1R6X\nC06xHxxIJr0Ar3wkPY+sgElxE7V1bJEXvY50hND4refNVZ+XJcPtRLhX7T7mia3g\nbSs9e1Sq12aiwyVvj6iyCCejupta5UGpDGY7T8ohdiW20YUCcYAYF7xcSdyqlbmR\n29eTwAPljtxWYGRGOPWTOddVRN/fLnud04LUZ2t7oe/HjfcFAoIBAQDWiLjLmlRx\nz9hdnx/HFiq+cCNxOP1boei3ukPJfBPyC/Uxykzngs7CAtAGXND7MXauvMzZjCcm\nTZ3DweROQOr9xsMqfzxNkhZQzaXLVWPltJ99Kb2DttaYw8RxtA/uct7rQM/s90SH\nUw4aS09X8REsvn83ub8Vb8uZIXvOAhG93cBO0iRmcni/M0fT+8SSprt+tw82CxcE\n53VqUpAgDIiVvJEBsmGLy2Q5QK9hZUgomt23ayl40sIO3pgsf25xSJdetdStaArM\nmN2jMYId/NehsDnd+lt19cFYNm51CPgs6uwukDvlBzCZmhHFSG542qVWFoym4Q/F\nP7E8CVmpWQXhAoIBADx7zxqB2oF7R4GZr6oO/yhTOfQz39gQ3yMfiMxwbpqaeq6s\nu8tIY8T/w552J8sFCrXCsehurRTO8QF95o3wlR3G+cbJYu5kcGjjMAH8g06TPK6K\nFzHhNhVALPM6jOpQ+F69QERm8LlrnTMiiYQOnkmAq8tbkZ7YiEDVr7dKYsDZZ0ub\n/fL6XpfqL8vmKHxSKWkO+NT9UWZr0ARzUmWeHft1Glu78bQziJCs8ln0Np+Jt/VH\n2W1IeM8TagFjqaLLlEnPjR8jiLBLBR0D5Dx23NaiQp8ZVLw/OqFD17EqB6KV4fFr\nXbjmxFDMo/TyJWX6QeTUjghAVZ3elj4RpgpT7EkCggEAFZJ98os8Po2F1jQv/9bs\nyWWBSttOLq6jNgZW1qXRY59sMmuDPCxdGgkqXdlrcjbRFlUJzD5ZmXJokMyoZm4E\nsywPZ/CPYcV01P840q9tciWte+p8kggKoCXfVQekKngGjmVgAxYCIBFr85zrB47I\nCVXGeRYGbuNk96r0RgzTN+JaehKLcnnERoWjjV9drtlxNRa3QtnuoKGdnulacL6R\n5WymsCL9yA7VryQf/o0uqlaYQN9XtjyLIu+jIaZWtrFz9yQVlLJHk7czYjuSN+26\nyRltWDLai4wAuxwOE1qpieq9gRkjzK3iZy+k5c+YvDJQOc3eqtEqwszax4yxJWQ8\nQQKCAQEAt+hlU0y3I6iInFBxY79D/ZVKLBrSzlIMsU0LhB2yJFDWv/kcwrY+MmMF\ntXrcizrv06F19K9oHAFnCJYeyuwpEyT3o/bbc7UdpPaESbsafGiSXetURu9cFEGy\nJHR9bH3laL9ZyYd7IuFyi220sI11bURsF9i7RTmtM39zQsEOsWQO+EM3a6uONHZK\nK4Uip5/9aTrjgKbGutuuDHVePBiTn0cHU0m2tlm7eGIzmu2BQD/ys1AQl1SC5dBB\nWIXJ/x5NgqroyCZJDWTssE05f7ivLDfDgNTX+nIjJzIojbywdRlwwwX156Y7y9DO\nHz7L6iKiWX42gJSBgh2EcAEQJscR8Q==\n-----END PRIVATE KEY-----\n",
            "public_key_fingerprint_md5": "71:7b:84:75:e6:18:42:94:b2:c4:84:45:ee:98:85:b9",
            "public_key_fingerprint_sha256": "SHA256:YuUH5Z9Nob5J4+8LmI+nvtujfZMsPbqkJU/NQfCPUYU",
            "public_key_openssh": "ssh-rsa AAAAB3NzaC1yc2EAAAADAQABAAACAQDACXXg17XiEt3i5HTEaTXcHwyhdloUhA2ImpN8+ok37Ay3xClzomWo8gCUscq6bVTKt4vn9j9WEVx0oIcIsgHFdeUII4FY7PwdRR8dlSQcV6IdibTE2umCFhMzzbPeiqXYcLZzE9iDU1ujRbl4KoH2l6XxGDGz3c5mWuAA8ccunFGPoXn3ET3tkXxIUlFuFDFY0eG2gT4oE2gc3u4KOTtc6fHpa9UCIja4Ivv+3UDuMibXb56LoV3NmfjlDHzBWE2GHWFFdqVzKDfa2KD5QjN18lBSrh+thReEQEr1J3Kp6oRxYcTKPFVHIe3epG1GqWJ5OLzI4oBeu6JrJbwBhkhoh6HRnD6eZqOOkrzqBwHLldxugr7dJWHpPAB4ZVxh93nCPrBPcHa2RC3Fak73MfZNTAWrL6DULavx0lDJ3/ymVcTw3omxs62YCiWgE9Qy39vtF8PRG61pSO+Jn07sNNLqOqwP7/TESRAGGsZr7t9qLx6IqXEribZqwYF3K/SnsprcpoPiYrgSFX58rYikMtNW/lk0A81uIL+9RK8SeV96EqX/sJgNAqj4lg4ZuGrW8YZ8V4Sbf3yrErBhbV0+zSBOf+/3xTBlJQjsHDH66VnHxmy8NY6lgl53Jkei5rUO/Ic0WGObWtGUPKOYrZZF7v93alOHdj81+o0xIijOV1Y0ZQ==\n",
            "public_key_pem": "-----BEGIN PUBLIC KEY-----\nMIICIjANBgkqhkiG9w0BAQEFAAOCAg8AMIICCgKCAgEAwAl14Ne14hLd4uR0xGk1\n3B8MoXZaFIQNiJqTfPqJN+wMt8Qpc6JlqPIAlLHKum1UyreL5/Y/VhFcdKCHCLIB\nxXXlCCOBWOz8HUUfHZUkHFeiHYm0xNrpghYTM82z3oql2HC2cxPYg1Nbo0W5eCqB\n9pel8Rgxs93OZlrgAPHHLpxRj6F59xE97ZF8SFJRbhQxWNHhtoE+KBNoHN7uCjk7\nXOnx6WvVAiI2uCL7/t1A7jIm12+ei6FdzZn45Qx8wVhNhh1hRXalcyg32tig+UIz\ndfJQUq4frYUXhEBK9SdyqeqEcWHEyjxVRyHt3qRtRqlieTi8yOKAXruiayW8AYZI\naIeh0Zw+nmajjpK86gcBy5XcboK+3SVh6TwAeGVcYfd5wj6wT3B2tkQtxWpO9zH2\nTUwFqy+g1C2r8dJQyd/8plXE8N6JsbOtmAoloBPUMt/b7RfD0RutaUjviZ9O7DTS\n6jqsD+/0xEkQBhrGa+7fai8eiKlxK4m2asGBdyv0p7Ka3KaD4mK4EhV+fK2IpDLT\nVv5ZNAPNbiC/vUSvEnlfehKl/7CYDQKo+JYOGbhq1vGGfFeEm398qxKwYW1dPs0g\nTn/v98UwZSUI7Bwx+ulZx8ZsvDWOpYJedyZHoua1DvyHNFhjm1rRlDyjmK2WRe7/\nd2pTh3Y/NfqNMSIozldWNGUCAwEAAQ==\n-----END PUBLIC KEY-----\n",
            "rsa_bits": 4096
          },
          "sensitive_attributes": []
        }
      ]
    },
    {
      "module": "module.rds",
      "mode": "data",
      "type": "template_file",
      "name": "user_data",
      "provider": "provider[\"registry.terraform.io/hashicorp/template\"]",
      "instances": [
        {
          "schema_version": 0,
          "attributes": {
            "filename": null,
            "id": "1f2281dfc9bc900ea117ea162ee7551719fb52f279cc86c7d0b4513e890bfc0e",
            "rendered": "#!/bin/bash\n\n# variable will be populated by terraform template\n#db_username=wordpress_user\n#db_user_password=PassWord4-user\n#db_name=wordpress_db\n#db_RDS=terraform-20230329072325383300000004.cro39vlr87zc.us-east-1.rds.amazonaws.com:3306\n\n# install LAMP server\napt update -y\napt upgrade -y\napt update -y\napt upgrade -y\n\n# install apache server\napt install -y apache2\n\napt install -y php\napt install -y php php-{pear,cgi,common,curl,mbstring,gd,mysqlnd,bcmath,json,xml,intl,zip,imap,imagick}\n\n# and download mysql package to yum and install mysql client from yum\napt install -y mysql-client-core-8.0\n\n# starting apache and register them to startup\nsystemctl enable --now apache2\n\n# Change OWNER and permission of directory /var/www\nusermod -a -G www-data ubuntu\nchown -R www-data:www-data /var/www\nfind /var/www -type d -exec chmod 2775 {} \\;\nfind /var/www -type f -exec chmod 0664 {} \\;\n\n# Installing wordpress using wp cli\n#curl -O https://raw.githubusercontent.com/wp-cli/builds/gh-pages/phar/wp-cli.phar\n#chmod +x wp-cli.phar\n#mv wp-cli.phar /usr/local/bin/wp\n#wp core download --path=/var/www/html --allow-root\n#wp config create --dbname=$db_name --dbuser=$db_username --dbpass=$db_user_password --dbhost=$db_RDS --path=/var/www/html --allow-root --extra-php \u003c\u003cPHP\n#define('FS_METHOD', 'direct');\n#define('WP_MEMORY_LIMIT', '128M');\n#PHP\n\n# Change permission of /var/www/html\nchown -R ubuntu:www-data /var/www/html\nchmod -R 744 /var/www/html\nrm /var/www/html/index.html\n\n# enable .htaccess files in Apache config using sed command\nsudo sed -i '/\u003cDirectory \\/var\\/www\\/\u003e/,/\u003c\\/Directory\u003e/ s/AllowOverride None/AllowOverride all/' /etc/apache2/apache2.conf\na2enmod rewrite\n\n# restart apache\nsystemctl restart apache2\n\necho WordPress Installed",
            "template": "#!/bin/bash\n\n# variable will be populated by terraform template\n#db_username=${db_username}\n#db_user_password=${db_user_password}\n#db_name=${db_name}\n#db_RDS=${db_RDS}\n\n# install LAMP server\napt update -y\napt upgrade -y\napt update -y\napt upgrade -y\n\n# install apache server\napt install -y apache2\n\napt install -y php\napt install -y php php-{pear,cgi,common,curl,mbstring,gd,mysqlnd,bcmath,json,xml,intl,zip,imap,imagick}\n\n# and download mysql package to yum and install mysql client from yum\napt install -y mysql-client-core-8.0\n\n# starting apache and register them to startup\nsystemctl enable --now apache2\n\n# Change OWNER and permission of directory /var/www\nusermod -a -G www-data ubuntu\nchown -R www-data:www-data /var/www\nfind /var/www -type d -exec chmod 2775 {} \\;\nfind /var/www -type f -exec chmod 0664 {} \\;\n\n# Installing wordpress using wp cli\n#curl -O https://raw.githubusercontent.com/wp-cli/builds/gh-pages/phar/wp-cli.phar\n#chmod +x wp-cli.phar\n#mv wp-cli.phar /usr/local/bin/wp\n#wp core download --path=/var/www/html --allow-root\n#wp config create --dbname=$db_name --dbuser=$db_username --dbpass=$db_user_password --dbhost=$db_RDS --path=/var/www/html --allow-root --extra-php \u003c\u003cPHP\n#define('FS_METHOD', 'direct');\n#define('WP_MEMORY_LIMIT', '128M');\n#PHP\n\n# Change permission of /var/www/html\nchown -R ubuntu:www-data /var/www/html\nchmod -R 744 /var/www/html\nrm /var/www/html/index.html\n\n# enable .htaccess files in Apache config using sed command\nsudo sed -i '/\u003cDirectory \\/var\\/www\\/\u003e/,/\u003c\\/Directory\u003e/ s/AllowOverride None/AllowOverride all/' /etc/apache2/apache2.conf\na2enmod rewrite\n\n# restart apache\nsystemctl restart apache2\n\necho WordPress Installed",
            "vars": {
              "db_RDS": "terraform-20230329072325383300000004.cro39vlr87zc.us-east-1.rds.amazonaws.com:3306",
              "db_name": "wordpress_db",
              "db_user_password": "PassWord4-user",
              "db_username": "wordpress_user"
            }
          },
          "sensitive_attributes": []
        }
      ]
    },
    {
      "module": "module.rds",
      "mode": "managed",
      "type": "aws_db_instance",
      "name": "wordpressdb",
      "provider": "provider[\"registry.terraform.io/hashicorp/aws\"]",
      "instances": [
        {
          "schema_version": 1,
          "attributes": {
            "address": "terraform-20230329072325383300000004.cro39vlr87zc.us-east-1.rds.amazonaws.com",
            "allocated_storage": 10,
            "allow_major_version_upgrade": null,
            "apply_immediately": false,
            "arn": "arn:aws:rds:us-east-1:944341158162:db:terraform-20230329072325383300000004",
            "auto_minor_version_upgrade": true,
            "availability_zone": "us-east-1b",
            "backup_retention_period": 0,
            "backup_window": "09:51-10:21",
            "blue_green_update": [],
            "ca_cert_identifier": "rds-ca-2019",
            "character_set_name": "",
            "copy_tags_to_snapshot": false,
            "custom_iam_instance_profile": "",
            "customer_owned_ip_enabled": false,
            "db_name": "wordpress_db",
            "db_subnet_group_name": "terraform-20230329072314891000000002",
            "delete_automated_backups": true,
            "deletion_protection": false,
            "domain": "",
            "domain_iam_role_name": "",
            "enabled_cloudwatch_logs_exports": null,
            "endpoint": "terraform-20230329072325383300000004.cro39vlr87zc.us-east-1.rds.amazonaws.com:3306",
            "engine": "mysql",
            "engine_version": "5.7",
            "engine_version_actual": "5.7.38",
            "final_snapshot_identifier": null,
            "hosted_zone_id": "Z2R2ITUGPM61AM",
            "iam_database_authentication_enabled": false,
            "id": "terraform-20230329072325383300000004",
            "identifier": "terraform-20230329072325383300000004",
            "identifier_prefix": "terraform-",
            "instance_class": "db.t2.micro",
            "iops": 0,
            "kms_key_id": "",
            "latest_restorable_time": "",
            "license_model": "general-public-license",
            "listener_endpoint": [],
            "maintenance_window": "mon:06:07-mon:06:37",
            "max_allocated_storage": 0,
            "monitoring_interval": 0,
            "monitoring_role_arn": "",
            "multi_az": false,
            "name": "wordpress_db",
            "nchar_character_set_name": "",
            "network_type": "IPV4",
            "option_group_name": "default:mysql-5-7",
            "parameter_group_name": "default.mysql5.7",
            "password": "PassWord4-user",
            "performance_insights_enabled": false,
            "performance_insights_kms_key_id": "",
            "performance_insights_retention_period": 0,
            "port": 3306,
            "publicly_accessible": false,
            "replica_mode": "",
            "replicas": [],
            "replicate_source_db": "",
            "resource_id": "db-SEB22M23Y6WHD4RWYZY67Q7GLA",
            "restore_to_point_in_time": [],
            "s3_import": [],
            "security_group_names": null,
            "skip_final_snapshot": true,
            "snapshot_identifier": null,
            "status": "available",
            "storage_encrypted": false,
            "storage_throughput": 0,
            "storage_type": "gp2",
            "tags": null,
            "tags_all": {},
            "timeouts": null,
            "timezone": "",
            "username": "wordpress_user",
            "vpc_security_group_ids": [
              "sg-0e2944eb998e42f4f"
            ]
          },
          "sensitive_attributes": [],
          "private": "eyJlMmJmYjczMC1lY2FhLTExZTYtOGY4OC0zNDM2M2JjN2M0YzAiOnsiY3JlYXRlIjoyNDAwMDAwMDAwMDAwLCJkZWxldGUiOjM2MDAwMDAwMDAwMDAsInVwZGF0ZSI6NDgwMDAwMDAwMDAwMH0sInNjaGVtYV92ZXJzaW9uIjoiMSJ9",
          "dependencies": [
            "module.asg.aws_security_group.RDS_allow_rule",
            "module.asg.aws_security_group.ec2_allow_rule",
            "module.rds.aws_db_subnet_group.RDS_subnet_grp",
            "module.rds.aws_subnet.prod-subnet-private-1",
            "module.rds.aws_subnet.prod-subnet-private-2",
            "module.vpc.aws_vpc.prod-vpc"
          ]
        }
      ]
    },
    {
      "module": "module.rds",
      "mode": "managed",
      "type": "aws_db_subnet_group",
      "name": "RDS_subnet_grp",
      "provider": "provider[\"registry.terraform.io/hashicorp/aws\"]",
      "instances": [
        {
          "schema_version": 0,
          "attributes": {
            "arn": "arn:aws:rds:us-east-1:944341158162:subgrp:terraform-20230329072314891000000002",
            "description": "Managed by Terraform",
            "id": "terraform-20230329072314891000000002",
            "name": "terraform-20230329072314891000000002",
            "name_prefix": "terraform-",
            "subnet_ids": [
              "subnet-0536046f85f05501a",
              "subnet-0733d40086c9ce686"
            ],
            "supported_network_types": [
              "IPV4"
            ],
            "tags": null,
            "tags_all": {}
          },
          "sensitive_attributes": [],
          "private": "bnVsbA==",
          "dependencies": [
            "module.rds.aws_subnet.prod-subnet-private-1",
            "module.rds.aws_subnet.prod-subnet-private-2",
            "module.vpc.aws_vpc.prod-vpc"
          ]
        }
      ]
    },
    {
      "module": "module.rds",
      "mode": "managed",
      "type": "aws_subnet",
      "name": "prod-subnet-private-1",
      "provider": "provider[\"registry.terraform.io/hashicorp/aws\"]",
      "instances": [
        {
          "schema_version": 1,
          "attributes": {
            "arn": "arn:aws:ec2:us-east-1:944341158162:subnet/subnet-0733d40086c9ce686",
            "assign_ipv6_address_on_creation": false,
            "availability_zone": "us-east-1b",
            "availability_zone_id": "use1-az6",
            "cidr_block": "10.0.2.0/24",
            "customer_owned_ipv4_pool": "",
            "enable_dns64": false,
            "enable_resource_name_dns_a_record_on_launch": false,
            "enable_resource_name_dns_aaaa_record_on_launch": false,
            "id": "subnet-0733d40086c9ce686",
            "ipv6_cidr_block": "",
            "ipv6_cidr_block_association_id": "",
            "ipv6_native": false,
            "map_customer_owned_ip_on_launch": false,
            "map_public_ip_on_launch": false,
            "outpost_arn": "",
            "owner_id": "944341158162",
            "private_dns_hostname_type_on_launch": "ip-name",
            "tags": null,
            "tags_all": {},
            "timeouts": null,
            "vpc_id": "vpc-091fbe8b3c8b068d3"
          },
          "sensitive_attributes": [],
          "private": "eyJlMmJmYjczMC1lY2FhLTExZTYtOGY4OC0zNDM2M2JjN2M0YzAiOnsiY3JlYXRlIjo2MDAwMDAwMDAwMDAsImRlbGV0ZSI6MTIwMDAwMDAwMDAwMH0sInNjaGVtYV92ZXJzaW9uIjoiMSJ9",
          "dependencies": [
            "module.vpc.aws_vpc.prod-vpc"
          ]
        }
      ]
    },
    {
      "module": "module.rds",
      "mode": "managed",
      "type": "aws_subnet",
      "name": "prod-subnet-private-2",
      "provider": "provider[\"registry.terraform.io/hashicorp/aws\"]",
      "instances": [
        {
          "schema_version": 1,
          "attributes": {
            "arn": "arn:aws:ec2:us-east-1:944341158162:subnet/subnet-0536046f85f05501a",
            "assign_ipv6_address_on_creation": false,
            "availability_zone": "us-east-1c",
            "availability_zone_id": "use1-az1",
            "cidr_block": "10.0.3.0/24",
            "customer_owned_ipv4_pool": "",
            "enable_dns64": false,
            "enable_resource_name_dns_a_record_on_launch": false,
            "enable_resource_name_dns_aaaa_record_on_launch": false,
            "id": "subnet-0536046f85f05501a",
            "ipv6_cidr_block": "",
            "ipv6_cidr_block_association_id": "",
            "ipv6_native": false,
            "map_customer_owned_ip_on_launch": false,
            "map_public_ip_on_launch": false,
            "outpost_arn": "",
            "owner_id": "944341158162",
            "private_dns_hostname_type_on_launch": "ip-name",
            "tags": null,
            "tags_all": {},
            "timeouts": null,
            "vpc_id": "vpc-091fbe8b3c8b068d3"
          },
          "sensitive_attributes": [],
          "private": "eyJlMmJmYjczMC1lY2FhLTExZTYtOGY4OC0zNDM2M2JjN2M0YzAiOnsiY3JlYXRlIjo2MDAwMDAwMDAwMDAsImRlbGV0ZSI6MTIwMDAwMDAwMDAwMH0sInNjaGVtYV92ZXJzaW9uIjoiMSJ9",
          "dependencies": [
            "module.vpc.aws_vpc.prod-vpc"
          ]
        }
      ]
    },
    {
      "module": "module.vpc",
      "mode": "managed",
      "type": "aws_vpc",
      "name": "prod-vpc",
      "provider": "provider[\"registry.terraform.io/hashicorp/aws\"]",
      "instances": [
        {
          "schema_version": 1,
          "attributes": {
            "arn": "arn:aws:ec2:us-east-1:944341158162:vpc/vpc-091fbe8b3c8b068d3",
            "assign_generated_ipv6_cidr_block": false,
            "cidr_block": "10.0.0.0/16",
            "default_network_acl_id": "acl-0ea079be10e4dec51",
            "default_route_table_id": "rtb-084b530b6db9747ad",
            "default_security_group_id": "sg-0883cb517e70cc747",
            "dhcp_options_id": "dopt-0c7ebd60f50c42451",
            "enable_classiclink": false,
            "enable_classiclink_dns_support": false,
            "enable_dns_hostnames": true,
            "enable_dns_support": true,
            "enable_network_address_usage_metrics": false,
            "id": "vpc-091fbe8b3c8b068d3",
            "instance_tenancy": "default",
            "ipv4_ipam_pool_id": null,
            "ipv4_netmask_length": null,
            "ipv6_association_id": "",
            "ipv6_cidr_block": "",
            "ipv6_cidr_block_network_border_group": "",
            "ipv6_ipam_pool_id": "",
            "ipv6_netmask_length": 0,
            "main_route_table_id": "rtb-084b530b6db9747ad",
            "owner_id": "944341158162",
            "tags": null,
            "tags_all": {}
          },
          "sensitive_attributes": [],
          "private": "eyJzY2hlbWFfdmVyc2lvbiI6IjEifQ=="
        }
      ]
    }
  ],
  "check_results": null
}
